# This file is generated by running "yarn install" inside your project.
# Manual changes might be lost - proceed with caution!

__metadata:
  version: 6
  cacheKey: 8

"@actions/core@npm:^1.9.0":
  version: 1.10.0
  resolution: "@actions/core@npm:1.10.0"
  dependencies:
    "@actions/http-client": ^2.0.1
    uuid: ^8.3.2
  checksum: 0a75621e007ab20d887434cdd165f0b9036f14c22252a2faed33543d8b9d04ec95d823e69ca636a25245574e4585d73e1e9e47a845339553c664f9f2c9614669
  languageName: node
  linkType: hard

"@actions/http-client@npm:^2.0.1":
  version: 2.1.0
  resolution: "@actions/http-client@npm:2.1.0"
  dependencies:
    tunnel: ^0.0.6
  checksum: 25a72a952cc95fb4b3ab086da73a5754dd0957c206637cace69be2e16f018cc1b3d3c40d3bcf89ffd8a5929d5e8445594b498b50db306a50ad7536023f8e3800
  languageName: node
  linkType: hard

"create-env@workspace:.":
  version: 0.0.0-use.local
  resolution: "create-env@workspace:."
  dependencies:
    "@actions/core": ^1.9.0
  languageName: unknown
  linkType: soft

"tunnel@npm:^0.0.6":
  version: 0.0.6
  resolution: "tunnel@npm:0.0.6"
  checksum: c362948df9ad34b649b5585e54ce2838fa583aa3037091aaed66793c65b423a264e5229f0d7e9a95513a795ac2bd4cb72cda7e89a74313f182c1e9ae0b0994fa
  languageName: node
  linkType: hard

"uuid@npm:^8.3.2":
  version: 8.3.2
  resolution: "uuid@npm:8.3.2"
  bin:
    uuid: dist/bin/uuid
  checksum: 5575a8a75c13120e2f10e6ddc801b2c7ed7d8f3c8ac22c7ed0c7b2ba6383ec0abda88c905085d630e251719e0777045ae3236f04c812184b7c765f63a70e58df
  languageName: node
  linkType: hard
